
Microsoft Visual Studio Solution File, Format Version 12.00
Project("{FAE04EC0-301F-11D3-BF4B-00C04F79EFBC}") = "peppersprayContentBundleLoader", "peppersprayContentBundleLoader\peppersprayContentBundleLoader.csproj", "{5A085FA1-5C91-4D5B-A936-F23A5788BB20}"
EndProject
Project("{FAE04EC0-301F-11D3-BF4B-00C04F79EFBC}") = "guidAssetNameLookup", "guidAssetNameLookup\guidAssetNameLookup.csproj", "{C61C4CF0-38B5-431D-B14B-36903C45BEF1}"
EndProject
Global
	GlobalSection(SolutionConfigurationPlatforms) = preSolution
		Debug|Any CPU = Debug|Any CPU
		Release|Any CPU = Release|Any CPU
	EndGlobalSection
	GlobalSection(ProjectConfigurationPlatforms) = postSolution
		{5A085FA1-5C91-4D5B-A936-F23A5788BB20}.Debug|Any CPU.ActiveCfg = Debug|Any CPU
		{5A085FA1-5C91-4D5B-A936-F23A5788BB20}.Debug|Any CPU.Build.0 = Debug|Any CPU
		{5A085FA1-5C91-4D5B-A936-F23A5788BB20}.Release|Any CPU.ActiveCfg = Release|Any CPU
		{5A085FA1-5C91-4D5B-A936-F23A5788BB20}.Release|Any CPU.Build.0 = Release|Any CPU
		{C61C4CF0-38B5-431D-B14B-36903C45BEF1}.Debug|Any CPU.ActiveCfg = Debug|Any CPU
		{C61C4CF0-38B5-431D-B14B-36903C45BEF1}.Debug|Any CPU.Build.0 = Debug|Any CPU
		{C61C4CF0-38B5-431D-B14B-36903C45BEF1}.Release|Any CPU.ActiveCfg = Release|Any CPU
		{C61C4CF0-38B5-431D-B14B-36903C45BEF1}.Release|Any CPU.Build.0 = Release|Any CPU
	EndGlobalSection
EndGlobal
